
Microsoft Visual Studio Solution File, Format Version 12.00
# Visual Studio Version 16
VisualStudioVersion = 16.0.31112.23
MinimumVisualStudioVersion = 10.0.40219.1
Project("{8BC9CEB8-8B4A-11D0-8D11-00A0C91BC942}") = "WDS_butelka2.0", "WDS_butelka2.0\WDS_butelka2.0.vcxproj", "{E1675453-BB9E-44E6-822C-D81750E8C50A}"
EndProject
Global
	GlobalSection(SolutionConfigurationPlatforms) = preSolution
		Debug|x64 = Debug|x64
		Debug|x86 = Debug|x86
		Release|x64 = Release|x64
		Release|x86 = Release|x86
	EndGlobalSection
	GlobalSection(ProjectConfigurationPlatforms) = postSolution
		{E1675453-BB9E-44E6-822C-D81750E8C50A}.Debug|x64.ActiveCfg = Debug|x64
		{E1675453-BB9E-44E6-822C-D81750E8C50A}.Debug|x64.Build.0 = Debug|x64
		{E1675453-BB9E-44E6-822C-D81750E8C50A}.Debug|x86.ActiveCfg = Debug|Win32
		{E1675453-BB9E-44E6-822C-D81750E8C50A}.Debug|x86.Build.0 = Debug|Win32
		{E1675453-BB9E-44E6-822C-D81750E8C50A}.Release|x64.ActiveCfg = Release|x64
		{E1675453-BB9E-44E6-822C-D81750E8C50A}.Release|x64.Build.0 = Release|x64
		{E1675453-BB9E-44E6-822C-D81750E8C50A}.Release|x86.ActiveCfg = Release|Win32
		{E1675453-BB9E-44E6-822C-D81750E8C50A}.Release|x86.Build.0 = Release|Win32
	EndGlobalSection
	GlobalSection(SolutionProperties) = preSolution
		HideSolutionNode = FALSE
	EndGlobalSection
	GlobalSection(ExtensibilityGlobals) = postSolution
		SolutionGuid = {3EBDEC3E-7D83-447C-8EF3-97B345CE4683}
	EndGlobalSection
EndGlobal
